
Microsoft Visual Studio Solution File, Format Version 11.00
# Visual Studio 2010
Project("{FAE04EC0-301F-11D3-BF4B-00C04F79EFBC}") = "KeyboardRecord", "KeyboardRecord\KeyboardRecord.csproj", "{B4141675-EBD9-4B42-8C5E-B1D60BA62264}"
EndProject
Global
	GlobalSection(SolutionConfigurationPlatforms) = preSolution
		Debug|x86 = Debug|x86
		Release|x86 = Release|x86
	EndGlobalSection
	GlobalSection(ProjectConfigurationPlatforms) = postSolution
		{B4141675-EBD9-4B42-8C5E-B1D60BA62264}.Debug|x86.ActiveCfg = Debug|x86
		{B4141675-EBD9-4B42-8C5E-B1D60BA62264}.Debug|x86.Build.0 = Debug|x86
		{B4141675-EBD9-4B42-8C5E-B1D60BA62264}.Release|x86.ActiveCfg = Release|x86
		{B4141675-EBD9-4B42-8C5E-B1D60BA62264}.Release|x86.Build.0 = Release|x86
	EndGlobalSection
	GlobalSection(SolutionProperties) = preSolution
		HideSolutionNode = FALSE
	EndGlobalSection
EndGlobal
